
Microsoft Visual Studio Solution File, Format Version 12.00
# Visual Studio 2013
VisualStudioVersion = 12.0.40629.0
MinimumVisualStudioVersion = 10.0.40219.1
Project("{8BC9CEB8-8B4A-11D0-8D11-00A0C91BC942}") = "360SelfProtection", "360SelfProtection\360SelfProtection.vcxproj", "{E62C324D-2016-412A-98BD-B3356297545D}"
EndProject
Project("{8BC9CEB8-8B4A-11D0-8D11-00A0C91BC942}") = "HookPort", "HookPort\HookPort.vcxproj", "{899C1AAB-7B9A-4E76-8166-61B85FB9457B}"
EndProject
Global
	GlobalSection(SolutionConfigurationPlatforms) = preSolution
		Debug|Win32 = Debug|Win32
		Debug|x64 = Debug|x64
		Release|Win32 = Release|Win32
		Release|x64 = Release|x64
		Win7 Debug|Win32 = Win7 Debug|Win32
		Win7 Debug|x64 = Win7 Debug|x64
		Win7 Release|Win32 = Win7 Release|Win32
		Win7 Release|x64 = Win7 Release|x64
		Win8 Debug|Win32 = Win8 Debug|Win32
		Win8 Debug|x64 = Win8 Debug|x64
		Win8 Release|Win32 = Win8 Release|Win32
		Win8 Release|x64 = Win8 Release|x64
		Win8.1 Debug|Win32 = Win8.1 Debug|Win32
		Win8.1 Debug|x64 = Win8.1 Debug|x64
		Win8.1 Release|Win32 = Win8.1 Release|Win32
		Win8.1 Release|x64 = Win8.1 Release|x64
	EndGlobalSection
	GlobalSection(ProjectConfigurationPlatforms) = postSolution
		{E62C324D-2016-412A-98BD-B3356297545D}.Debug|Win32.ActiveCfg = Win8.1 Debug|Win32
		{E62C324D-2016-412A-98BD-B3356297545D}.Debug|Win32.Build.0 = Win8.1 Debug|Win32
		{E62C324D-2016-412A-98BD-B3356297545D}.Debug|x64.ActiveCfg = Win8.1 Debug|x64
		{E62C324D-2016-412A-98BD-B3356297545D}.Debug|x64.Build.0 = Win8.1 Debug|x64
		{E62C324D-2016-412A-98BD-B3356297545D}.Release|Win32.ActiveCfg = Win8.1 Release|Win32
		{E62C324D-2016-412A-98BD-B3356297545D}.Release|Win32.Build.0 = Win8.1 Release|Win32
		{E62C324D-2016-412A-98BD-B3356297545D}.Release|x64.ActiveCfg = Win8.1 Release|x64
		{E62C324D-2016-412A-98BD-B3356297545D}.Release|x64.Build.0 = Win8.1 Release|x64
		{E62C324D-2016-412A-98BD-B3356297545D}.Win7 Debug|Win32.ActiveCfg = Win7 Debug|Win32
		{E62C324D-2016-412A-98BD-B3356297545D}.Win7 Debug|Win32.Build.0 = Win7 Debug|Win32
		{E62C324D-2016-412A-98BD-B3356297545D}.Win7 Debug|Win32.Deploy.0 = Win7 Debug|Win32
		{E62C324D-2016-412A-98BD-B3356297545D}.Win7 Debug|x64.ActiveCfg = Win7 Debug|x64
		{E62C324D-2016-412A-98BD-B3356297545D}.Win7 Debug|x64.Build.0 = Win7 Debug|x64
		{E62C324D-2016-412A-98BD-B3356297545D}.Win7 Debug|x64.Deploy.0 = Win7 Debug|x64
		{E62C324D-2016-412A-98BD-B3356297545D}.Win7 Release|Win32.ActiveCfg = Win7 Release|Win32
		{E62C324D-2016-412A-98BD-B3356297545D}.Win7 Release|Win32.Build.0 = Win7 Release|Win32
		{E62C324D-2016-412A-98BD-B3356297545D}.Win7 Release|Win32.Deploy.0 = Win7 Release|Win32
		{E62C324D-2016-412A-98BD-B3356297545D}.Win7 Release|x64.ActiveCfg = Win7 Release|x64
		{E62C324D-2016-412A-98BD-B3356297545D}.Win7 Release|x64.Build.0 = Win7 Release|x64
		{E62C324D-2016-412A-98BD-B3356297545D}.Win7 Release|x64.Deploy.0 = Win7 Release|x64
		{E62C324D-2016-412A-98BD-B3356297545D}.Win8 Debug|Win32.ActiveCfg = Win8 Debug|Win32
		{E62C324D-2016-412A-98BD-B3356297545D}.Win8 Debug|Win32.Build.0 = Win8 Debug|Win32
		{E62C324D-2016-412A-98BD-B3356297545D}.Win8 Debug|Win32.Deploy.0 = Win8 Debug|Win32
		{E62C324D-2016-412A-98BD-B3356297545D}.Win8 Debug|x64.ActiveCfg = Win8 Debug|x64
		{E62C324D-2016-412A-98BD-B3356297545D}.Win8 Debug|x64.Build.0 = Win8 Debug|x64
		{E62C324D-2016-412A-98BD-B3356297545D}.Win8 Debug|x64.Deploy.0 = Win8 Debug|x64
		{E62C324D-2016-412A-98BD-B3356297545D}.Win8 Release|Win32.ActiveCfg = Win8 Release|Win32
		{E62C324D-2016-412A-98BD-B3356297545D}.Win8 Release|Win32.Build.0 = Win8 Release|Win32
		{E62C324D-2016-412A-98BD-B3356297545D}.Win8 Release|Win32.Deploy.0 = Win8 Release|Win32
		{E62C324D-2016-412A-98BD-B3356297545D}.Win8 Release|x64.ActiveCfg = Win8 Release|x64
		{E62C324D-2016-412A-98BD-B3356297545D}.Win8 Release|x64.Build.0 = Win8 Release|x64
		{E62C324D-2016-412A-98BD-B3356297545D}.Win8 Release|x64.Deploy.0 = Win8 Release|x64
		{E62C324D-2016-412A-98BD-B3356297545D}.Win8.1 Debug|Win32.ActiveCfg = Win8.1 Debug|Win32
		{E62C324D-2016-412A-98BD-B3356297545D}.Win8.1 Debug|Win32.Build.0 = Win8.1 Debug|Win32
		{E62C324D-2016-412A-98BD-B3356297545D}.Win8.1 Debug|Win32.Deploy.0 = Win8.1 Debug|Win32
		{E62C324D-2016-412A-98BD-B3356297545D}.Win8.1 Debug|x64.ActiveCfg = Win8.1 Debug|x64
		{E62C324D-2016-412A-98BD-B3356297545D}.Win8.1 Debug|x64.Build.0 = Win8.1 Debug|x64
		{E62C324D-2016-412A-98BD-B3356297545D}.Win8.1 Debug|x64.Deploy.0 = Win8.1 Debug|x64
		{E62C324D-2016-412A-98BD-B3356297545D}.Win8.1 Release|Win32.ActiveCfg = Win8.1 Release|Win32
		{E62C324D-2016-412A-98BD-B3356297545D}.Win8.1 Release|Win32.Build.0 = Win8.1 Release|Win32
		{E62C324D-2016-412A-98BD-B3356297545D}.Win8.1 Release|Win32.Deploy.0 = Win8.1 Release|Win32
		{E62C324D-2016-412A-98BD-B3356297545D}.Win8.1 Release|x64.ActiveCfg = Win8.1 Release|x64
		{E62C324D-2016-412A-98BD-B3356297545D}.Win8.1 Release|x64.Build.0 = Win8.1 Release|x64
		{E62C324D-2016-412A-98BD-B3356297545D}.Win8.1 Release|x64.Deploy.0 = Win8.1 Release|x64
		{899C1AAB-7B9A-4E76-8166-61B85FB9457B}.Debug|Win32.ActiveCfg = Win8.1 Debug|Win32
		{899C1AAB-7B9A-4E76-8166-61B85FB9457B}.Debug|Win32.Build.0 = Win8.1 Debug|Win32
		{899C1AAB-7B9A-4E76-8166-61B85FB9457B}.Debug|x64.ActiveCfg = Win8.1 Debug|x64
		{899C1AAB-7B9A-4E76-8166-61B85FB9457B}.Debug|x64.Build.0 = Win8.1 Debug|x64
		{899C1AAB-7B9A-4E76-8166-61B85FB9457B}.Release|Win32.ActiveCfg = Win8.1 Release|Win32
		{899C1AAB-7B9A-4E76-8166-61B85FB9457B}.Release|Win32.Build.0 = Win8.1 Release|Win32
		{899C1AAB-7B9A-4E76-8166-61B85FB9457B}.Release|x64.ActiveCfg = Win8.1 Release|x64
		{899C1AAB-7B9A-4E76-8166-61B85FB9457B}.Release|x64.Build.0 = Win8.1 Release|x64
		{899C1AAB-7B9A-4E76-8166-61B85FB9457B}.Win7 Debug|Win32.ActiveCfg = Win7 Debug|Win32
		{899C1AAB-7B9A-4E76-8166-61B85FB9457B}.Win7 Debug|Win32.Build.0 = Win7 Debug|Win32
		{899C1AAB-7B9A-4E76-8166-61B85FB9457B}.Win7 Debug|Win32.Deploy.0 = Win7 Debug|Win32
		{899C1AAB-7B9A-4E76-8166-61B85FB9457B}.Win7 Debug|x64.ActiveCfg = Win7 Debug|x64
		{899C1AAB-7B9A-4E76-8166-61B85FB9457B}.Win7 Debug|x64.Build.0 = Win7 Debug|x64
		{899C1AAB-7B9A-4E76-8166-61B85FB9457B}.Win7 Debug|x64.Deploy.0 = Win7 Debug|x64
		{899C1AAB-7B9A-4E76-8166-61B85FB9457B}.Win7 Release|Win32.ActiveCfg = Win7 Release|Win32
		{899C1AAB-7B9A-4E76-8166-61B85FB9457B}.Win7 Release|Win32.Build.0 = Win7 Release|Win32
		{899C1AAB-7B9A-4E76-8166-61B85FB9457B}.Win7 Release|Win32.Deploy.0 = Win7 Release|Win32
		{899C1AAB-7B9A-4E76-8166-61B85FB9457B}.Win7 Release|x64.ActiveCfg = Win7 Release|x64
		{899C1AAB-7B9A-4E76-8166-61B85FB9457B}.Win7 Release|x64.Build.0 = Win7 Release|x64
		{899C1AAB-7B9A-4E76-8166-61B85FB9457B}.Win7 Release|x64.Deploy.0 = Win7 Release|x64
		{899C1AAB-7B9A-4E76-8166-61B85FB9457B}.Win8 Debug|Win32.ActiveCfg = Win8 Debug|Win32
		{899C1AAB-7B9A-4E76-8166-61B85FB9457B}.Win8 Debug|Win32.Build.0 = Win8 Debug|Win32
		{899C1AAB-7B9A-4E76-8166-61B85FB9457B}.Win8 Debug|Win32.Deploy.0 = Win8 Debug|Win32
		{899C1AAB-7B9A-4E76-8166-61B85FB9457B}.Win8 Debug|x64.ActiveCfg = Win8 Debug|x64
		{899C1AAB-7B9A-4E76-8166-61B85FB9457B}.Win8 Debug|x64.Build.0 = Win8 Debug|x64
		{899C1AAB-7B9A-4E76-8166-61B85FB9457B}.Win8 Debug|x64.Deploy.0 = Win8 Debug|x64
		{899C1AAB-7B9A-4E76-8166-61B85FB9457B}.Win8 Release|Win32.ActiveCfg = Win8 Release|Win32
		{899C1AAB-7B9A-4E76-8166-61B85FB9457B}.Win8 Release|Win32.Build.0 = Win8 Release|Win32
		{899C1AAB-7B9A-4E76-8166-61B85FB9457B}.Win8 Release|Win32.Deploy.0 = Win8 Release|Win32
		{899C1AAB-7B9A-4E76-8166-61B85FB9457B}.Win8 Release|x64.ActiveCfg = Win8 Release|x64
		{899C1AAB-7B9A-4E76-8166-61B85FB9457B}.Win8 Release|x64.Build.0 = Win8 Release|x64
		{899C1AAB-7B9A-4E76-8166-61B85FB9457B}.Win8 Release|x64.Deploy.0 = Win8 Release|x64
		{899C1AAB-7B9A-4E76-8166-61B85FB9457B}.Win8.1 Debug|Win32.ActiveCfg = Win8.1 Debug|Win32
		{899C1AAB-7B9A-4E76-8166-61B85FB9457B}.Win8.1 Debug|Win32.Build.0 = Win8.1 Debug|Win32
		{899C1AAB-7B9A-4E76-8166-61B85FB9457B}.Win8.1 Debug|Win32.Deploy.0 = Win8.1 Debug|Win32
		{899C1AAB-7B9A-4E76-8166-61B85FB9457B}.Win8.1 Debug|x64.ActiveCfg = Win8.1 Debug|x64
		{899C1AAB-7B9A-4E76-8166-61B85FB9457B}.Win8.1 Debug|x64.Build.0 = Win8.1 Debug|x64
		{899C1AAB-7B9A-4E76-8166-61B85FB9457B}.Win8.1 Debug|x64.Deploy.0 = Win8.1 Debug|x64
		{899C1AAB-7B9A-4E76-8166-61B85FB9457B}.Win8.1 Release|Win32.ActiveCfg = Win8.1 Release|Win32
		{899C1AAB-7B9A-4E76-8166-61B85FB9457B}.Win8.1 Release|Win32.Build.0 = Win8.1 Release|Win32
		{899C1AAB-7B9A-4E76-8166-61B85FB9457B}.Win8.1 Release|Win32.Deploy.0 = Win8.1 Release|Win32
		{899C1AAB-7B9A-4E76-8166-61B85FB9457B}.Win8.1 Release|x64.ActiveCfg = Win8.1 Release|x64
		{899C1AAB-7B9A-4E76-8166-61B85FB9457B}.Win8.1 Release|x64.Build.0 = Win8.1 Release|x64
		{899C1AAB-7B9A-4E76-8166-61B85FB9457B}.Win8.1 Release|x64.Deploy.0 = Win8.1 Release|x64
	EndGlobalSection
	GlobalSection(SolutionProperties) = preSolution
		HideSolutionNode = FALSE
	EndGlobalSection
EndGlobal
